// !$*UTF8*$!
{
	archiveVersion = 1;
	classes = {
	};
	objectVersion = 50;
	objects = {

/* Begin PBXBuildFile section */
		4808B9972602A3A200AFE792 /* MissionRecipeApp.swift in Sources */ = {isa = PBXBuildFile; fileRef = 4808B9962602A3A200AFE792 /* MissionRecipeApp.swift */; };
		4808B9992602A3A200AFE792 /* ContentView.swift in Sources */ = {isa = PBXBuildFile; fileRef = 4808B9982602A3A200AFE792 /* ContentView.swift */; };
		4808B99B2602A3A600AFE792 /* Assets.xcassets in Resources */ = {isa = PBXBuildFile; fileRef = 4808B99A2602A3A600AFE792 /* Assets.xcassets */; };
		4808B99E2602A3A600AFE792 /* Preview Assets.xcassets in Resources */ = {isa = PBXBuildFile; fileRef = 4808B99D2602A3A600AFE792 /* Preview Assets.xcassets */; };
		4808B9A92602A3A600AFE792 /* MissionRecipeTests.swift in Sources */ = {isa = PBXBuildFile; fileRef = 4808B9A82602A3A600AFE792 /* MissionRecipeTests.swift */; };
		4808B9B42602A3A600AFE792 /* MissionRecipeUITests.swift in Sources */ = {isa = PBXBuildFile; fileRef = 4808B9B32602A3A600AFE792 /* MissionRecipeUITests.swift */; };
/* End PBXBuildFile section */

/* Begin PBXContainerItemProxy section */
		4808B9A52602A3A600AFE792 /* PBXContainerItemProxy */ = {
			isa = PBXContainerItemProxy;
			containerPortal = 4808B98B2602A3A200AFE792 /* Project object */;
			proxyType = 1;
			remoteGlobalIDString = 4808B9922602A3A200AFE792;
			remoteInfo = MissionRecipe;
		};
		4808B9B02602A3A600AFE792 /* PBXContainerItemProxy */ = {
			isa = PBXContainerItemProxy;
			containerPortal = 4808B98B2602A3A200AFE792 /* Project object */;
			proxyType = 1;
			remoteGlobalIDString = 4808B9922602A3A200AFE792;
			remoteInfo = MissionRecipe;
		};
/* End PBXContainerItemProxy section */

/* Begin PBXFileReference section */
		4808B9932602A3A200AFE792 /* MissionRecipe.app */ = {isa = PBXFileReference; explicitFileType = wrapper.application; includeInIndex = 0; path = MissionRecipe.app; sourceTree = BUILT_PRODUCTS_DIR; };
		4808B9962602A3A200AFE792 /* MissionRecipeApp.swift */ = {isa = PBXFileReference; lastKnownFileType = sourcecode.swift; path = MissionRecipeApp.swift; sourceTree = "<group>"; };
		4808B9982602A3A200AFE792 /* ContentView.swift */ = {isa = PBXFileReference; lastKnownFileType = sourcecode.swift; path = ContentView.swift; sourceTree = "<group>"; };
		4808B99A2602A3A600AFE792 /* Assets.xcassets */ = {isa = PBXFileReference; lastKnownFileType = folder.assetcatalog; path = Assets.xcassets; sourceTree = "<group>"; };
		4808B99D2602A3A600AFE792 /* Preview Assets.xcassets */ = {isa = PBXFileReference; lastKnownFileType = folder.assetcatalog; path = "Preview Assets.xcassets"; sourceTree = "<group>"; };
		4808B99F2602A3A600AFE792 /* Info.plist */ = {isa = PBXFileReference; lastKnownFileType = text.plist.xml; path = Info.plist; sourceTree = "<group>"; };
		4808B9A42602A3A600AFE792 /* MissionRecipeTests.xctest */ = {isa = PBXFileReference; explicitFileType = wrapper.cfbundle; includeInIndex = 0; path = MissionRecipeTests.xctest; sourceTree = BUILT_PRODUCTS_DIR; };
		4808B9A82602A3A600AFE792 /* MissionRecipeTests.swift */ = {isa = PBXFileReference; lastKnownFileType = sourcecode.swift; path = MissionRecipeTests.swift; sourceTree = "<group>"; };
		4808B9AA2602A3A600AFE792 /* Info.plist */ = {isa = PBXFileReference; lastKnownFileType = text.plist.xml; path = Info.plist; sourceTree = "<group>"; };
		4808B9AF2602A3A600AFE792 /* MissionRecipeUITests.xctest */ = {isa = PBXFileReference; explicitFileType = wrapper.cfbundle; includeInIndex = 0; path = MissionRecipeUITests.xctest; sourceTree = BUILT_PRODUCTS_DIR; };
		4808B9B32602A3A600AFE792 /* MissionRecipeUITests.swift */ = {isa = PBXFileReference; lastKnownFileType = sourcecode.swift; path = MissionRecipeUITests.swift; sourceTree = "<group>"; };
		4808B9B52602A3A600AFE792 /* Info.plist */ = {isa = PBXFileReference; lastKnownFileType = text.plist.xml; path = Info.plist; sourceTree = "<group>"; };
/* End PBXFileReference section */

/* Begin PBXFrameworksBuildPhase section */
		4808B9902602A3A200AFE792 /* Frameworks */ = {
			isa = PBXFrameworksBuildPhase;
			buildActionMask = 2147483647;
			files = (
			);
			runOnlyForDeploymentPostprocessing = 0;
		};
		4808B9A12602A3A600AFE792 /* Frameworks */ = {
			isa = PBXFrameworksBuildPhase;
			buildActionMask = 2147483647;
			files = (
			);
			runOnlyForDeploymentPostprocessing = 0;
		};
		4808B9AC2602A3A600AFE792 /* Frameworks */ = {
			isa = PBXFrameworksBuildPhase;
			buildActionMask = 2147483647;
			files = (
			);
			runOnlyForDeploymentPostprocessing = 0;
		};
/* End PBXFrameworksBuildPhase section */

/* Begin PBXGroup section */
		4808B98A2602A3A200AFE792 = {
			isa = PBXGroup;
			children = (
				4808B9952602A3A200AFE792 /* MissionRecipe */,
				4808B9A72602A3A600AFE792 /* MissionRecipeTests */,
				4808B9B22602A3A600AFE792 /* MissionRecipeUITests */,
				4808B9942602A3A200AFE792 /* Products */,
			);
			sourceTree = "<group>";
		};
		4808B9942602A3A200AFE792 /* Products */ = {
			isa = PBXGroup;
			children = (
				4808B9932602A3A200AFE792 /* MissionRecipe.app */,
				4808B9A42602A3A600AFE792 /* MissionRecipeTests.xctest */,
				4808B9AF2602A3A600AFE792 /* MissionRecipeUITests.xctest */,
			);
			name = Products;
			sourceTree = "<group>";
		};
		4808B9952602A3A200AFE792 /* MissionRecipe */ = {
			isa = PBXGroup;
			children = (
				4808B9962602A3A200AFE792 /* MissionRecipeApp.swift */,
				4808B9982602A3A200AFE792 /* ContentView.swift */,
				4808B99A2602A3A600AFE792 /* Assets.xcassets */,
				4808B99F2602A3A600AFE792 /* Info.plist */,
				4808B99C2602A3A600AFE792 /* Preview Content */,
			);
			path = MissionRecipe;
			sourceTree = "<group>";
		};
		4808B99C2602A3A600AFE792 /* Preview Content */ = {
			isa = PBXGroup;
			children = (
				4808B99D2602A3A600AFE792 /* Preview Assets.xcassets */,
			);
			path = "Preview Content";
			sourceTree = "<group>";
		};
		4808B9A72602A3A600AFE792 /* MissionRecipeTests */ = {
			isa = PBXGroup;
			children = (
				4808B9A82602A3A600AFE792 /* MissionRecipeTests.swift */,
				4808B9AA2602A3A600AFE792 /* Info.plist */,
			);
			path = MissionRecipeTests;
			sourceTree = "<group>";
		};
		4808B9B22602A3A600AFE792 /* MissionRecipeUITests */ = {
			isa = PBXGroup;
			children = (
				4808B9B32602A3A600AFE792 /* MissionRecipeUITests.swift */,
				4808B9B52602A3A600AFE792 /* Info.plist */,
			);
			path = MissionRecipeUITests;
			sourceTree = "<group>";
		};
/* End PBXGroup section */

/* Begin PBXNativeTarget section */
		4808B9922602A3A200AFE792 /* MissionRecipe */ = {
			isa = PBXNativeTarget;
			buildConfigurationList = 4808B9B82602A3A600AFE792 /* Build configuration list for PBXNativeTarget "MissionRecipe" */;
			buildPhases = (
				4808B98F2602A3A200AFE792 /* Sources */,
				4808B9902602A3A200AFE792 /* Frameworks */,
				4808B9912602A3A200AFE792 /* Resources */,
			);
			buildRules = (
			);
			dependencies = (
			);
			name = MissionRecipe;
			productName = MissionRecipe;
			productReference = 4808B9932602A3A200AFE792 /* MissionRecipe.app */;
			productType = "com.apple.product-type.application";
		};
		4808B9A32602A3A600AFE792 /* MissionRecipeTests */ = {
			isa = PBXNativeTarget;
			buildConfigurationList = 4808B9BB2602A3A600AFE792 /* Build configuration list for PBXNativeTarget "MissionRecipeTests" */;
			buildPhases = (
				4808B9A02602A3A600AFE792 /* Sources */,
				4808B9A12602A3A600AFE792 /* Frameworks */,
				4808B9A22602A3A600AFE792 /* Resources */,
			);
			buildRules = (
			);
			dependencies = (
				4808B9A62602A3A600AFE792 /* PBXTargetDependency */,
			);
			name = MissionRecipeTests;
			productName = MissionRecipeTests;
			productReference = 4808B9A42602A3A600AFE792 /* MissionRecipeTests.xctest */;
			productType = "com.apple.product-type.bundle.unit-test";
		};
		4808B9AE2602A3A600AFE792 /* MissionRecipeUITests */ = {
			isa = PBXNativeTarget;
			buildConfigurationList = 4808B9BE2602A3A600AFE792 /* Build configuration list for PBXNativeTarget "MissionRecipeUITests" */;
			buildPhases = (
				4808B9AB2602A3A600AFE792 /* Sources */,
				4808B9AC2602A3A600AFE792 /* Frameworks */,
				4808B9AD2602A3A600AFE792 /* Resources */,
			);
			buildRules = (
			);
			dependencies = (
				4808B9B12602A3A600AFE792 /* PBXTargetDependency */,
			);
			name = MissionRecipeUITests;
			productName = MissionRecipeUITests;
			productReference = 4808B9AF2602A3A600AFE792 /* MissionRecipeUITests.xctest */;
			productType = "com.apple.product-type.bundle.ui-testing";
		};
/* End PBXNativeTarget section */

/* Begin PBXProject section */
		4808B98B2602A3A200AFE792 /* Project object */ = {
			isa = PBXProject;
			attributes = {
				LastSwiftUpdateCheck = 1240;
				LastUpgradeCheck = 1240;
				TargetAttributes = {
					4808B9922602A3A200AFE792 = {
						CreatedOnToolsVersion = 12.4;
					};
					4808B9A32602A3A600AFE792 = {
						CreatedOnToolsVersion = 12.4;
						TestTargetID = 4808B9922602A3A200AFE792;
					};
					4808B9AE2602A3A600AFE792 = {
						CreatedOnToolsVersion = 12.4;
						TestTargetID = 4808B9922602A3A200AFE792;
					};
				};
			};
			buildConfigurationList = 4808B98E2602A3A200AFE792 /* Build configuration list for PBXProject "MissionRecipe" */;
			compatibilityVersion = "Xcode 9.3";
			developmentRegion = en;
			hasScannedForEncodings = 0;
			knownRegions = (
				en,
				Base,
			);
			mainGroup = 4808B98A2602A3A200AFE792;
			productRefGroup = 4808B9942602A3A200AFE792 /* Products */;
			projectDirPath = "";
			projectRoot = "";
			targets = (
				4808B9922602A3A200AFE792 /* MissionRecipe */,
				4808B9A32602A3A600AFE792 /* MissionRecipeTests */,
				4808B9AE2602A3A600AFE792 /* MissionRecipeUITests */,
			);
		};
/* End PBXProject section */

/* Begin PBXResourcesBuildPhase section */
		4808B9912602A3A200AFE792 /* Resources */ = {
			isa = PBXResourcesBuildPhase;
			buildActionMask = 2147483647;
			files = (
				4808B99E2602A3A600AFE792 /* Preview Assets.xcassets in Resources */,
				4808B99B2602A3A600AFE792 /* Assets.xcassets in Resources */,
			);
			runOnlyForDeploymentPostprocessing = 0;
		};
		4808B9A22602A3A600AFE792 /* Resources */ = {
			isa = PBXResourcesBuildPhase;
			buildActionMask = 2147483647;
			files = (
			);
			runOnlyForDeploymentPostprocessing = 0;
		};
		4808B9AD2602A3A600AFE792 /* Resources */ = {
			isa = PBXResourcesBuildPhase;
			buildActionMask = 2147483647;
			files = (
			);
			runOnlyForDeploymentPostprocessing = 0;
		};
/* End PBXResourcesBuildPhase section */

/* Begin PBXSourcesBuildPhase section */
		4808B98F2602A3A200AFE792 /* Sources */ = {
			isa = PBXSourcesBuildPhase;
			buildActionMask = 2147483647;
			files = (
				4808B9992602A3A200AFE792 /* ContentView.swift in Sources */,
				4808B9972602A3A200AFE792 /* MissionRecipeApp.swift in Sources */,
			);
			runOnlyForDeploymentPostprocessing = 0;
		};
		4808B9A02602A3A600AFE792 /* Sources */ = {
			isa = PBXSourcesBuildPhase;
			buildActionMask = 2147483647;
			files = (
				4808B9A92602A3A600AFE792 /* MissionRecipeTests.swift in Sources */,
			);
			runOnlyForDeploymentPostprocessing = 0;
		};
		4808B9AB2602A3A600AFE792 /* Sources */ = {
			isa = PBXSourcesBuildPhase;
			buildActionMask = 2147483647;
			files = (
				4808B9B42602A3A600AFE792 /* MissionRecipeUITests.swift in Sources */,
			);
			runOnlyForDeploymentPostprocessing = 0;
		};
/* End PBXSourcesBuildPhase section */

/* Begin PBXTargetDependency section */
		4808B9A62602A3A600AFE792 /* PBXTargetDependency */ = {
			isa = PBXTargetDependency;
			target = 4808B9922602A3A200AFE792 /* MissionRecipe */;
			targetProxy = 4808B9A52602A3A600AFE792 /* PBXContainerItemProxy */;
		};
		4808B9B12602A3A600AFE792 /* PBXTargetDependency */ = {
			isa = PBXTargetDependency;
			target = 4808B9922602A3A200AFE792 /* MissionRecipe */;
			targetProxy = 4808B9B02602A3A600AFE792 /* PBXContainerItemProxy */;
		};
/* End PBXTargetDependency section */

/* Begin XCBuildConfiguration section */
		4808B9B62602A3A600AFE792 /* Debug */ = {
			isa = XCBuildConfiguration;
			buildSettings = {
				ALWAYS_SEARCH_USER_PATHS = NO;
				CLANG_ANALYZER_NONNULL = YES;
				CLANG_ANALYZER_NUMBER_OBJECT_CONVERSION = YES_AGGRESSIVE;
				CLANG_CXX_LANGUAGE_STANDARD = "gnu++14";
				CLANG_CXX_LIBRARY = "libc++";
				CLANG_ENABLE_MODULES = YES;
				CLANG_ENABLE_OBJC_ARC = YES;
				CLANG_ENABLE_OBJC_WEAK = YES;
				CLANG_WARN_BLOCK_CAPTURE_AUTORELEASING = YES;
				CLANG_WARN_BOOL_CONVERSION = YES;
				CLANG_WARN_COMMA = YES;
				CLANG_WARN_CONSTANT_CONVERSION = YES;
				CLANG_WARN_DEPRECATED_OBJC_IMPLEMENTATIONS = YES;
				CLANG_WARN_DIRECT_OBJC_ISA_USAGE = YES_ERROR;
				CLANG_WARN_DOCUMENTATION_COMMENTS = YES;
				CLANG_WARN_EMPTY_BODY = YES;
				CLANG_WARN_ENUM_CONVERSION = YES;
				CLANG_WARN_INFINITE_RECURSION = YES;
				CLANG_WARN_INT_CONVERSION = YES;
				CLANG_WARN_NON_LITERAL_NULL_CONVERSION = YES;
				CLANG_WARN_OBJC_IMPLICIT_RETAIN_SELF = YES;
				CLANG_WARN_OBJC_LITERAL_CONVERSION = YES;
				CLANG_WARN_OBJC_ROOT_CLASS = YES_ERROR;
				CLANG_WARN_QUOTED_INCLUDE_IN_FRAMEWORK_HEADER = YES;
				CLANG_WARN_RANGE_LOOP_ANALYSIS = YES;
				CLANG_WARN_STRICT_PROTOTYPES = YES;
				CLANG_WARN_SUSPICIOUS_MOVE = YES;
				CLANG_WARN_UNGUARDED_AVAILABILITY = YES_AGGRESSIVE;
				CLANG_WARN_UNREACHABLE_CODE = YES;
				CLANG_WARN__DUPLICATE_METHOD_MATCH = YES;
				COPY_PHASE_STRIP = NO;
				DEBUG_INFORMATION_FORMAT = dwarf;
				ENABLE_STRICT_OBJC_MSGSEND = YES;
				ENABLE_TESTABILITY = YES;
				GCC_C_LANGUAGE_STANDARD = gnu11;
				GCC_DYNAMIC_NO_PIC = NO;
				GCC_NO_COMMON_BLOCKS = YES;
				GCC_OPTIMIZATION_LEVEL = 0;
				GCC_PREPROCESSOR_DEFINITIONS = (
					"DEBUG=1",
					"$(inherited)",
				);
				GCC_WARN_64_TO_32_BIT_CONVERSION = YES;
				GCC_WARN_ABOUT_RETURN_TYPE = YES_ERROR;
				GCC_WARN_UNDECLARED_SELECTOR = YES;
				GCC_WARN_UNINITIALIZED_AUTOS = YES_AGGRESSIVE;
				GCC_WARN_UNUSED_FUNCTION = YES;
				GCC_WARN_UNUSED_VARIABLE = YES;
				IPHONEOS_DEPLOYMENT_TARGET = 14.4;
				MTL_ENABLE_DEBUG_INFO = INCLUDE_SOURCE;
				MTL_FAST_MATH = YES;
				ONLY_ACTIVE_ARCH = YES;
				SDKROOT = iphoneos;
				SWIFT_ACTIVE_COMPILATION_CONDITIONS = DEBUG;
				SWIFT_OPTIMIZATION_LEVEL = "-Onone";
			};
			name = Debug;
		};
		4808B9B72602A3A600AFE792 /* Release */ = {
			isa = XCBuildConfiguration;
			buildSettings = {
				ALWAYS_SEARCH_USER_PATHS = NO;
				CLANG_ANALYZER_NONNULL = YES;
				CLANG_ANALYZER_NUMBER_OBJECT_CONVERSION = YES_AGGRESSIVE;
				CLANG_CXX_LANGUAGE_STANDARD = "gnu++14";
				CLANG_CXX_LIBRARY = "libc++";
				CLANG_ENABLE_MODULES = YES;
				CLANG_ENABLE_OBJC_ARC = YES;
				CLANG_ENABLE_OBJC_WEAK = YES;
				CLANG_WARN_BLOCK_CAPTURE_AUTORELEASING = YES;
				CLANG_WARN_BOOL_CONVERSION = YES;
				CLANG_WARN_COMMA = YES;
				CLANG_WARN_CONSTANT_CONVERSION = YES;
				CLANG_WARN_DEPRECATED_OBJC_IMPLEMENTATIONS = YES;
				CLANG_WARN_DIRECT_OBJC_ISA_USAGE = YES_ERROR;
				CLANG_WARN_DOCUMENTATION_COMMENTS = YES;
				CLANG_WARN_EMPTY_BODY = YES;
				CLANG_WARN_ENUM_CONVERSION = YES;
				CLANG_WARN_INFINITE_RECURSION = YES;
				CLANG_WARN_INT_CONVERSION = YES;
				CLANG_WARN_NON_LITERAL_NULL_CONVERSION = YES;
				CLANG_WARN_OBJC_IMPLICIT_RETAIN_SELF = YES;
				CLANG_WARN_OBJC_LITERAL_CONVERSION = YES;
				CLANG_WARN_OBJC_ROOT_CLASS = YES_ERROR;
				CLANG_WARN_QUOTED_INCLUDE_IN_FRAMEWORK_HEADER = YES;
				CLANG_WARN_RANGE_LOOP_ANALYSIS = YES;
				CLANG_WARN_STRICT_PROTOTYPES = YES;
				CLANG_WARN_SUSPICIOUS_MOVE = YES;
				CLANG_WARN_UNGUARDED_AVAILABILITY = YES_AGGRESSIVE;
				CLANG_WARN_UNREACHABLE_CODE = YES;
				CLANG_WARN__DUPLICATE_METHOD_MATCH = YES;
				COPY_PHASE_STRIP = NO;
				DEBUG_INFORMATION_FORMAT = "dwarf-with-dsym";
				ENABLE_NS_ASSERTIONS = NO;
				ENABLE_STRICT_OBJC_MSGSEND = YES;
				GCC_C_LANGUAGE_STANDARD = gnu11;
				GCC_NO_COMMON_BLOCKS = YES;
				GCC_WARN_64_TO_32_BIT_CONVERSION = YES;
				GCC_WARN_ABOUT_RETURN_TYPE = YES_ERROR;
				GCC_WARN_UNDECLARED_SELECTOR = YES;
				GCC_WARN_UNINITIALIZED_AUTOS = YES_AGGRESSIVE;
				GCC_WARN_UNUSED_FUNCTION = YES;
				GCC_WARN_UNUSED_VARIABLE = YES;
				IPHONEOS_DEPLOYMENT_TARGET = 14.4;
				MTL_ENABLE_DEBUG_INFO = NO;
				MTL_FAST_MATH = YES;
				SDKROOT = iphoneos;
				SWIFT_COMPILATION_MODE = wholemodule;
				SWIFT_OPTIMIZATION_LEVEL = "-O";
				VALIDATE_PRODUCT = YES;
			};
			name = Release;
		};
		4808B9B92602A3A600AFE792 /* Debug */ = {
			isa = XCBuildConfiguration;
			buildSettings = {
				ASSETCATALOG_COMPILER_APPICON_NAME = AppIcon;
				ASSETCATALOG_COMPILER_GLOBAL_ACCENT_COLOR_NAME = AccentColor;
				CODE_SIGN_STYLE = Automatic;
				DEVELOPMENT_ASSET_PATHS = "\"MissionRecipe/Preview Content\"";
				ENABLE_PREVIEWS = YES;
				INFOPLIST_FILE = MissionRecipe/Info.plist;
				IPHONEOS_DEPLOYMENT_TARGET = 14.0;
				LD_RUNPATH_SEARCH_PATHS = (
					"$(inherited)",
					"@executable_path/Frameworks",
				);
				PRODUCT_BUNDLE_IDENTIFIER = MegaJ.MissionRecipe;
				PRODUCT_NAME = "$(TARGET_NAME)";
				SWIFT_VERSION = 5.0;
				TARGETED_DEVICE_FAMILY = "1,2";
			};
			name = Debug;
		};
		4808B9BA2602A3A600AFE792 /* Release */ = {
			isa = XCBuildConfiguration;
			buildSettings = {
				ASSETCATALOG_COMPILER_APPICON_NAME = AppIcon;
				ASSETCATALOG_COMPILER_GLOBAL_ACCENT_COLOR_NAME = AccentColor;
				CODE_SIGN_STYLE = Automatic;
				DEVELOPMENT_ASSET_PATHS = "\"MissionRecipe/Preview Content\"";
				ENABLE_PREVIEWS = YES;
				INFOPLIST_FILE = MissionRecipe/Info.plist;
				IPHONEOS_DEPLOYMENT_TARGET = 14.0;
				LD_RUNPATH_SEARCH_PATHS = (
					"$(inherited)",
					"@executable_path/Frameworks",
				);
				PRODUCT_BUNDLE_IDENTIFIER = MegaJ.MissionRecipe;
				PRODUCT_NAME = "$(TARGET_NAME)";
				SWIFT_VERSION = 5.0;
				TARGETED_DEVICE_FAMILY = "1,2";
			};
			name = Release;
		};
		4808B9BC2602A3A600AFE792 /* Debug */ = {
			isa = XCBuildConfiguration;
			buildSettings = {
				ALWAYS_EMBED_SWIFT_STANDARD_LIBRARIES = YES;
				BUNDLE_LOADER = "$(TEST_HOST)";
				CODE_SIGN_STYLE = Automatic;
				INFOPLIST_FILE = MissionRecipeTests/Info.plist;
				IPHONEOS_DEPLOYMENT_TARGET = 14.0;
				LD_RUNPATH_SEARCH_PATHS = (
					"$(inherited)",
					"@executable_path/Frameworks",
					"@loader_path/Frameworks",
				);
				PRODUCT_BUNDLE_IDENTIFIER = MegaJ.MissionRecipeTests;
				PRODUCT_NAME = "$(TARGET_NAME)";
				SWIFT_VERSION = 5.0;
				TARGETED_DEVICE_FAMILY = "1,2";
				TEST_HOST = "$(BUILT_PRODUCTS_DIR)/MissionRecipe.app/MissionRecipe";
			};
			name = Debug;
		};
		4808B9BD2602A3A600AFE792 /* Release */ = {
			isa = XCBuildConfiguration;
			buildSettings = {
				ALWAYS_EMBED_SWIFT_STANDARD_LIBRARIES = YES;
				BUNDLE_LOADER = "$(TEST_HOST)";
				CODE_SIGN_STYLE = Automatic;
				INFOPLIST_FILE = MissionRecipeTests/Info.plist;
				IPHONEOS_DEPLOYMENT_TARGET = 14.0;
				LD_RUNPATH_SEARCH_PATHS = (
					"$(inherited)",
					"@executable_path/Frameworks",
					"@loader_path/Frameworks",
				);
				PRODUCT_BUNDLE_IDENTIFIER = MegaJ.MissionRecipeTests;
				PRODUCT_NAME = "$(TARGET_NAME)";
				SWIFT_VERSION = 5.0;
				TARGETED_DEVICE_FAMILY = "1,2";
				TEST_HOST = "$(BUILT_PRODUCTS_DIR)/MissionRecipe.app/MissionRecipe";
			};
			name = Release;
		};
		4808B9BF2602A3A600AFE792 /* Debug */ = {
			isa = XCBuildConfiguration;
			buildSettings = {
				ALWAYS_EMBED_SWIFT_STANDARD_LIBRARIES = YES;
				CODE_SIGN_STYLE = Automatic;
				INFOPLIST_FILE = MissionRecipeUITests/Info.plist;
				LD_RUNPATH_SEARCH_PATHS = (
					"$(inherited)",
					"@executable_path/Frameworks",
					"@loader_path/Frameworks",
				);
				PRODUCT_BUNDLE_IDENTIFIER = MegaJ.MissionRecipeUITests;
				PRODUCT_NAME = "$(TARGET_NAME)";
				SWIFT_VERSION = 5.0;
				TARGETED_DEVICE_FAMILY = "1,2";
				TEST_TARGET_NAME = MissionRecipe;
			};
			name = Debug;
		};
		4808B9C02602A3A600AFE792 /* Release */ = {
			isa = XCBuildConfiguration;
			buildSettings = {
				ALWAYS_EMBED_SWIFT_STANDARD_LIBRARIES = YES;
				CODE_SIGN_STYLE = Automatic;
				INFOPLIST_FILE = MissionRecipeUITests/Info.plist;
				LD_RUNPATH_SEARCH_PATHS = (
					"$(inherited)",
					"@executable_path/Frameworks",
					"@loader_path/Frameworks",
				);
				PRODUCT_BUNDLE_IDENTIFIER = MegaJ.MissionRecipeUITests;
				PRODUCT_NAME = "$(TARGET_NAME)";
				SWIFT_VERSION = 5.0;
				TARGETED_DEVICE_FAMILY = "1,2";
				TEST_TARGET_NAME = MissionRecipe;
			};
			name = Release;
		};
/* End XCBuildConfiguration section */

/* Begin XCConfigurationList section */
		4808B98E2602A3A200AFE792 /* Build configuration list for PBXProject "MissionRecipe" */ = {
			isa = XCConfigurationList;
			buildConfigurations = (
				4808B9B62602A3A600AFE792 /* Debug */,
				4808B9B72602A3A600AFE792 /* Release */,
			);
			defaultConfigurationIsVisible = 0;
			defaultConfigurationName = Release;
		};
		4808B9B82602A3A600AFE792 /* Build configuration list for PBXNativeTarget "MissionRecipe" */ = {
			isa = XCConfigurationList;
			buildConfigurations = (
				4808B9B92602A3A600AFE792 /* Debug */,
				4808B9BA2602A3A600AFE792 /* Release */,
			);
			defaultConfigurationIsVisible = 0;
			defaultConfigurationName = Release;
		};
		4808B9BB2602A3A600AFE792 /* Build configuration list for PBXNativeTarget "MissionRecipeTests" */ = {
			isa = XCConfigurationList;
			buildConfigurations = (
				4808B9BC2602A3A600AFE792 /* Debug */,
				4808B9BD2602A3A600AFE792 /* Release */,
			);
			defaultConfigurationIsVisible = 0;
			defaultConfigurationName = Release;
		};
		4808B9BE2602A3A600AFE792 /* Build configuration list for PBXNativeTarget "MissionRecipeUITests" */ = {
			isa = XCConfigurationList;
			buildConfigurations = (
				4808B9BF2602A3A600AFE792 /* Debug */,
				4808B9C02602A3A600AFE792 /* Release */,
			);
			defaultConfigurationIsVisible = 0;
			defaultConfigurationName = Release;
		};
/* End XCConfigurationList section */
	};
	rootObject = 4808B98B2602A3A200AFE792 /* Project object */;
}
